lockfileVersion: '9.0'

settings:
  autoInstallPeers: true
  excludeLinksFromLockfile: false

importers:

  .:
    dependencies:
      '@overtly/shared':
        specifier: file:../../packages/shared
        version: file:../../packages/shared
      dotenv:
        specifier: ^17.4.2
        version: 17.4.2
      postgres:
        specifier: ^3.4.9
        version: 3.4.9

packages:

  '@overtly/shared@file:../../packages/shared':
    resolution: {directory: ../../packages/shared, type: directory}

  dotenv@17.4.2:
    resolution: {integrity: sha512-nI4U3TottKAcAD9LLud4Cb7b2QztQMUEfHbvhTH09bqXTxnSie8WnjPALV/WMCrJZ6UV/qHJ6L03OqO3LcdYZw==}
    engines: {node: '>=12'}

  postgres@3.4.9:
    resolution: {integrity: sha512-GD3qdB0x1z9xgFI6cdRD6xu2Sp2WCOEoe3mtnyB5Ee0XrrL5Pe+e4CCnJrRMnL1zYtRDZmQQVbvOttLnKDLnaw==}
    engines: {node: '>=12'}

  zod@3.25.76:
    resolution: {integrity: sha512-gzUt/qt81nXsFGKIFcC3YnfEAx5NkunCfnDlvuBSSFS02bcXu4Lmea0AFIUwbLWxWPx3d9p8S5QoaujKcNQxcQ==}

snapshots:

  '@overtly/shared@file:../../packages/shared':
    dependencies:
      zod: 3.25.76

  dotenv@17.4.2: {}

  postgres@3.4.9: {}

  zod@3.25.76: {}
